// !$*UTF8*$!
{
	archiveVersion = 1;
	classes = {
	};
	objectVersion = 77;
	objects = {

/* Begin PBXContainerItemProxy section */
		F8EF81492E33854A003F33F1 /* PBXContainerItemProxy */ = {
			isa = PBXContainerItemProxy;
			containerPortal = F8EF81322E338548003F33F1 /* Project object */;
			proxyType = 1;
			remoteGlobalIDString = F8EF81392E338548003F33F1;
			remoteInfo = ImageSipper;
		};
		F8EF81532E33854A003F33F1 /* PBXContainerItemProxy */ = {
			isa = PBXContainerItemProxy;
			containerPortal = F8EF81322E338548003F33F1 /* Project object */;
			proxyType = 1;
			remoteGlobalIDString = F8EF81392E338548003F33F1;
			remoteInfo = ImageSipper;
		};
/* End PBXContainerItemProxy section */

/* Begin PBXFileReference section */
		F8EF813A2E338548003F33F1 /* ImageSipper.app */ = {isa = PBXFileReference; explicitFileType = wrapper.application; includeInIndex = 0; path = ImageSipper.app; sourceTree = BUILT_PRODUCTS_DIR; };
		F8EF81482E33854A003F33F1 /* ImageSipperTests.xctest */ = {isa = PBXFileReference; explicitFileType = wrapper.cfbundle; includeInIndex = 0; path = ImageSipperTests.xctest; sourceTree = BUILT_PRODUCTS_DIR; };
		F8EF81522E33854A003F33F1 /* ImageSipperUITests.xctest */ = {isa = PBXFileReference; explicitFileType = wrapper.cfbundle; includeInIndex = 0; path = ImageSipperUITests.xctest; sourceTree = BUILT_PRODUCTS_DIR; };
/* End PBXFileReference section */

/* Begin PBXFileSystemSynchronizedRootGroup section */
		F8EF813C2E338548003F33F1 /* ImageSipper */ = {
			isa = PBXFileSystemSynchronizedRootGroup;
			path = ImageSipper;
			sourceTree = "<group>";
		};
		F8EF814B2E33854A003F33F1 /* ImageSipperTests */ = {
			isa = PBXFileSystemSynchronizedRootGroup;
			path = ImageSipperTests;
			sourceTree = "<group>";
		};
		F8EF81552E33854A003F33F1 /* ImageSipperUITests */ = {
			isa = PBXFileSystemSynchronizedRootGroup;
			path = ImageSipperUITests;
			sourceTree = "<group>";
		};
/* End PBXFileSystemSynchronizedRootGroup section */

/* Begin PBXFrameworksBuildPhase section */
		F8EF81372E338548003F33F1 /* Frameworks */ = {
			isa = PBXFrameworksBuildPhase;
			buildActionMask = 2147483647;
			files = (
			);
			runOnlyForDeploymentPostprocessing = 0;
		};
		F8EF81452E33854A003F33F1 /* Frameworks */ = {
			isa = PBXFrameworksBuildPhase;
			buildActionMask = 2147483647;
			files = (
			);
			runOnlyForDeploymentPostprocessing = 0;
		};
		F8EF814F2E33854A003F33F1 /* Frameworks */ = {
			isa = PBXFrameworksBuildPhase;
			buildActionMask = 2147483647;
			files = (
			);
			runOnlyForDeploymentPostprocessing = 0;
		};
/* End PBXFrameworksBuildPhase section */

/* Begin PBXGroup section */
		F8EF81312E338548003F33F1 = {
			isa = PBXGroup;
			children = (
				F8EF813C2E338548003F33F1 /* ImageSipper */,
				F8EF814B2E33854A003F33F1 /* ImageSipperTests */,
				F8EF81552E33854A003F33F1 /* ImageSipperUITests */,
				F8EF813B2E338548003F33F1 /* Products */,
			);
			sourceTree = "<group>";
		};
		F8EF813B2E338548003F33F1 /* Products */ = {
			isa = PBXGroup;
			children = (
				F8EF813A2E338548003F33F1 /* ImageSipper.app */,
				F8EF81482E33854A003F33F1 /* ImageSipperTests.xctest */,
				F8EF81522E33854A003F33F1 /* ImageSipperUITests.xctest */,
			);
			name = Products;
			sourceTree = "<group>";
		};
/* End PBXGroup section */

/* Begin PBXNativeTarget section */
		F8EF81392E338548003F33F1 /* ImageSipper */ = {
			isa = PBXNativeTarget;
			buildConfigurationList = F8EF815C2E33854A003F33F1 /* Build configuration list for PBXNativeTarget "ImageSipper" */;
			buildPhases = (
				F8EF81362E338548003F33F1 /* Sources */,
				F8EF81372E338548003F33F1 /* Frameworks */,
				F8EF81382E338548003F33F1 /* Resources */,
			);
			buildRules = (
			);
			dependencies = (
			);
			fileSystemSynchronizedGroups = (
				F8EF813C2E338548003F33F1 /* ImageSipper */,
			);
			name = ImageSipper;
			packageProductDependencies = (
			);
			productName = ImageSipper;
			productReference = F8EF813A2E338548003F33F1 /* ImageSipper.app */;
			productType = "com.apple.product-type.application";
		};
		F8EF81472E33854A003F33F1 /* ImageSipperTests */ = {
			isa = PBXNativeTarget;
			buildConfigurationList = F8EF815F2E33854A003F33F1 /* Build configuration list for PBXNativeTarget "ImageSipperTests" */;
			buildPhases = (
				F8EF81442E33854A003F33F1 /* Sources */,
				F8EF81452E33854A003F33F1 /* Frameworks */,
				F8EF81462E33854A003F33F1 /* Resources */,
			);
			buildRules = (
			);
			dependencies = (
				F8EF814A2E33854A003F33F1 /* PBXTargetDependency */,
			);
			fileSystemSynchronizedGroups = (
				F8EF814B2E33854A003F33F1 /* ImageSipperTests */,
			);
			name = ImageSipperTests;
			packageProductDependencies = (
			);
			productName = ImageSipperTests;
			productReference = F8EF81482E33854A003F33F1 /* ImageSipperTests.xctest */;
			productType = "com.apple.product-type.bundle.unit-test";
		};
		F8EF81512E33854A003F33F1 /* ImageSipperUITests */ = {
			isa = PBXNativeTarget;
			buildConfigurationList = F8EF81622E33854A003F33F1 /* Build configuration list for PBXNativeTarget "ImageSipperUITests" */;
			buildPhases = (
				F8EF814E2E33854A003F33F1 /* Sources */,
				F8EF814F2E33854A003F33F1 /* Frameworks */,
				F8EF81502E33854A003F33F1 /* Resources */,
			);
			buildRules = (
			);
			dependencies = (
				F8EF81542E33854A003F33F1 /* PBXTargetDependency */,
			);
			fileSystemSynchronizedGroups = (
				F8EF81552E33854A003F33F1 /* ImageSipperUITests */,
			);
			name = ImageSipperUITests;
			packageProductDependencies = (
			);
			productName = ImageSipperUITests;
			productReference = F8EF81522E33854A003F33F1 /* ImageSipperUITests.xctest */;
			productType = "com.apple.product-type.bundle.ui-testing";
		};
/* End PBXNativeTarget section */

/* Begin PBXProject section */
		F8EF81322E338548003F33F1 /* Project object */ = {
			isa = PBXProject;
			attributes = {
				BuildIndependentTargetsInParallel = 1;
				LastSwiftUpdateCheck = 1640;
				LastUpgradeCheck = 1640;
				TargetAttributes = {
					F8EF81392E338548003F33F1 = {
						CreatedOnToolsVersion = 16.4;
					};
					F8EF81472E33854A003F33F1 = {
						CreatedOnToolsVersion = 16.4;
						TestTargetID = F8EF81392E338548003F33F1;
					};
					F8EF81512E33854A003F33F1 = {
						CreatedOnToolsVersion = 16.4;
						TestTargetID = F8EF81392E338548003F33F1;
					};
				};
			};
			buildConfigurationList = F8EF81352E338548003F33F1 /* Build configuration list for PBXProject "ImageSipper" */;
			developmentRegion = en;
			hasScannedForEncodings = 0;
			knownRegions = (
				en,
				Base,
			);
			mainGroup = F8EF81312E338548003F33F1;
			minimizedProjectReferenceProxies = 1;
			preferredProjectObjectVersion = 77;
			productRefGroup = F8EF813B2E338548003F33F1 /* Products */;
			projectDirPath = "";
			projectRoot = "";
			targets = (
				F8EF81392E338548003F33F1 /* ImageSipper */,
				F8EF81472E33854A003F33F1 /* ImageSipperTests */,
				F8EF81512E33854A003F33F1 /* ImageSipperUITests */,
			);
		};
/* End PBXProject section */

/* Begin PBXResourcesBuildPhase section */
		F8EF81382E338548003F33F1 /* Resources */ = {
			isa = PBXResourcesBuildPhase;
			buildActionMask = 2147483647;
			files = (
			);
			runOnlyForDeploymentPostprocessing = 0;
		};
		F8EF81462E33854A003F33F1 /* Resources */ = {
			isa = PBXResourcesBuildPhase;
			buildActionMask = 2147483647;
			files = (
			);
			runOnlyForDeploymentPostprocessing = 0;
		};
		F8EF81502E33854A003F33F1 /* Resources */ = {
			isa = PBXResourcesBuildPhase;
			buildActionMask = 2147483647;
			files = (
			);
			runOnlyForDeploymentPostprocessing = 0;
		};
/* End PBXResourcesBuildPhase section */

/* Begin PBXSourcesBuildPhase section */
		F8EF81362E338548003F33F1 /* Sources */ = {
			isa = PBXSourcesBuildPhase;
			buildActionMask = 2147483647;
			files = (
			);
			runOnlyForDeploymentPostprocessing = 0;
		};
		F8EF81442E33854A003F33F1 /* Sources */ = {
			isa = PBXSourcesBuildPhase;
			buildActionMask = 2147483647;
			files = (
			);
			runOnlyForDeploymentPostprocessing = 0;
		};
		F8EF814E2E33854A003F33F1 /* Sources */ = {
			isa = PBXSourcesBuildPhase;
			buildActionMask = 2147483647;
			files = (
			);
			runOnlyForDeploymentPostprocessing = 0;
		};
/* End PBXSourcesBuildPhase section */

/* Begin PBXTargetDependency section */
		F8EF814A2E33854A003F33F1 /* PBXTargetDependency */ = {
			isa = PBXTargetDependency;
			target = F8EF81392E338548003F33F1 /* ImageSipper */;
			targetProxy = F8EF81492E33854A003F33F1 /* PBXContainerItemProxy */;
		};
		F8EF81542E33854A003F33F1 /* PBXTargetDependency */ = {
			isa = PBXTargetDependency;
			target = F8EF81392E338548003F33F1 /* ImageSipper */;
			targetProxy = F8EF81532E33854A003F33F1 /* PBXContainerItemProxy */;
		};
/* End PBXTargetDependency section */

/* Begin XCBuildConfiguration section */
		F8EF815A2E33854A003F33F1 /* Debug */ = {
			isa = XCBuildConfiguration;
			buildSettings = {
				ALWAYS_SEARCH_USER_PATHS = NO;
				ASSETCATALOG_COMPILER_GENERATE_SWIFT_ASSET_SYMBOL_EXTENSIONS = YES;
				CLANG_ANALYZER_NONNULL = YES;
				CLANG_ANALYZER_NUMBER_OBJECT_CONVERSION = YES_AGGRESSIVE;
				CLANG_CXX_LANGUAGE_STANDARD = "gnu++20";
				CLANG_ENABLE_MODULES = YES;
				CLANG_ENABLE_OBJC_ARC = YES;
				CLANG_ENABLE_OBJC_WEAK = YES;
				CLANG_WARN_BLOCK_CAPTURE_AUTORELEASING = YES;
				CLANG_WARN_BOOL_CONVERSION = YES;
				CLANG_WARN_COMMA = YES;
				CLANG_WARN_CONSTANT_CONVERSION = YES;
				CLANG_WARN_DEPRECATED_OBJC_IMPLEMENTATIONS = YES;
				CLANG_WARN_DIRECT_OBJC_ISA_USAGE = YES_ERROR;
				CLANG_WARN_DOCUMENTATION_COMMENTS = YES;
				CLANG_WARN_EMPTY_BODY = YES;
				CLANG_WARN_ENUM_CONVERSION = YES;
				CLANG_WARN_INFINITE_RECURSION = YES;
				CLANG_WARN_INT_CONVERSION = YES;
				CLANG_WARN_NON_LITERAL_NULL_CONVERSION = YES;
				CLANG_WARN_OBJC_IMPLICIT_RETAIN_SELF = YES;
				CLANG_WARN_OBJC_LITERAL_CONVERSION = YES;
				CLANG_WARN_OBJC_ROOT_CLASS = YES_ERROR;
				CLANG_WARN_QUOTED_INCLUDE_IN_FRAMEWORK_HEADER = YES;
				CLANG_WARN_RANGE_LOOP_ANALYSIS = YES;
				CLANG_WARN_STRICT_PROTOTYPES = YES;
				CLANG_WARN_SUSPICIOUS_MOVE = YES;
				CLANG_WARN_UNGUARDED_AVAILABILITY = YES_AGGRESSIVE;
				CLANG_WARN_UNREACHABLE_CODE = YES;
				CLANG_WARN__DUPLICATE_METHOD_MATCH = YES;
				COPY_PHASE_STRIP = NO;
				DEBUG_INFORMATION_FORMAT = dwarf;
				DEVELOPMENT_TEAM = KWU77R3TC2;
				ENABLE_STRICT_OBJC_MSGSEND = YES;
				ENABLE_TESTABILITY = YES;
				ENABLE_USER_SCRIPT_SANDBOXING = YES;
				GCC_C_LANGUAGE_STANDARD = gnu17;
				GCC_DYNAMIC_NO_PIC = NO;
				GCC_NO_COMMON_BLOCKS = YES;
				GCC_OPTIMIZATION_LEVEL = 0;
				GCC_PREPROCESSOR_DEFINITIONS = (
					"DEBUG=1",
					"$(inherited)",
				);
				GCC_WARN_64_TO_32_BIT_CONVERSION = YES;
				GCC_WARN_ABOUT_RETURN_TYPE = YES_ERROR;
				GCC_WARN_UNDECLARED_SELECTOR = YES;
				GCC_WARN_UNINITIALIZED_AUTOS = YES_AGGRESSIVE;
				GCC_WARN_UNUSED_FUNCTION = YES;
				GCC_WARN_UNUSED_VARIABLE = YES;
				LOCALIZATION_PREFERS_STRING_CATALOGS = YES;
				MACOSX_DEPLOYMENT_TARGET = 15.5;
				MTL_ENABLE_DEBUG_INFO = INCLUDE_SOURCE;
				MTL_FAST_MATH = YES;
				ONLY_ACTIVE_ARCH = YES;
				SDKROOT = macosx;
				SWIFT_ACTIVE_COMPILATION_CONDITIONS = "DEBUG $(inherited)";
				SWIFT_OPTIMIZATION_LEVEL = "-Onone";
			};
			name = Debug;
		};
		F8EF815B2E33854A003F33F1 /* Release */ = {
			isa = XCBuildConfiguration;
			buildSettings = {
				ALWAYS_SEARCH_USER_PATHS = NO;
				ASSETCATALOG_COMPILER_GENERATE_SWIFT_ASSET_SYMBOL_EXTENSIONS = YES;
				CLANG_ANALYZER_NONNULL = YES;
				CLANG_ANALYZER_NUMBER_OBJECT_CONVERSION = YES_AGGRESSIVE;
				CLANG_CXX_LANGUAGE_STANDARD = "gnu++20";
				CLANG_ENABLE_MODULES = YES;
				CLANG_ENABLE_OBJC_ARC = YES;
				CLANG_ENABLE_OBJC_WEAK = YES;
				CLANG_WARN_BLOCK_CAPTURE_AUTORELEASING = YES;
				CLANG_WARN_BOOL_CONVERSION = YES;
				CLANG_WARN_COMMA = YES;
				CLANG_WARN_CONSTANT_CONVERSION = YES;
				CLANG_WARN_DEPRECATED_OBJC_IMPLEMENTATIONS = YES;
				CLANG_WARN_DIRECT_OBJC_ISA_USAGE = YES_ERROR;
				CLANG_WARN_DOCUMENTATION_COMMENTS = YES;
				CLANG_WARN_EMPTY_BODY = YES;
				CLANG_WARN_ENUM_CONVERSION = YES;
				CLANG_WARN_INFINITE_RECURSION = YES;
				CLANG_WARN_INT_CONVERSION = YES;
				CLANG_WARN_NON_LITERAL_NULL_CONVERSION = YES;
				CLANG_WARN_OBJC_IMPLICIT_RETAIN_SELF = YES;
				CLANG_WARN_OBJC_LITERAL_CONVERSION = YES;
				CLANG_WARN_OBJC_ROOT_CLASS = YES_ERROR;
				CLANG_WARN_QUOTED_INCLUDE_IN_FRAMEWORK_HEADER = YES;
				CLANG_WARN_RANGE_LOOP_ANALYSIS = YES;
				CLANG_WARN_STRICT_PROTOTYPES = YES;
				CLANG_WARN_SUSPICIOUS_MOVE = YES;
				CLANG_WARN_UNGUARDED_AVAILABILITY = YES_AGGRESSIVE;
				CLANG_WARN_UNREACHABLE_CODE = YES;
				CLANG_WARN__DUPLICATE_METHOD_MATCH = YES;
				COPY_PHASE_STRIP = NO;
				DEBUG_INFORMATION_FORMAT = "dwarf-with-dsym";
				DEVELOPMENT_TEAM = KWU77R3TC2;
				ENABLE_NS_ASSERTIONS = NO;
				ENABLE_STRICT_OBJC_MSGSEND = YES;
				ENABLE_USER_SCRIPT_SANDBOXING = YES;
				GCC_C_LANGUAGE_STANDARD = gnu17;
				GCC_NO_COMMON_BLOCKS = YES;
				GCC_WARN_64_TO_32_BIT_CONVERSION = YES;
				GCC_WARN_ABOUT_RETURN_TYPE = YES_ERROR;
				GCC_WARN_UNDECLARED_SELECTOR = YES;
				GCC_WARN_UNINITIALIZED_AUTOS = YES_AGGRESSIVE;
				GCC_WARN_UNUSED_FUNCTION = YES;
				GCC_WARN_UNUSED_VARIABLE = YES;
				LOCALIZATION_PREFERS_STRING_CATALOGS = YES;
				MACOSX_DEPLOYMENT_TARGET = 15.5;
				MTL_ENABLE_DEBUG_INFO = NO;
				MTL_FAST_MATH = YES;
				SDKROOT = macosx;
				SWIFT_COMPILATION_MODE = wholemodule;
			};
			name = Release;
		};
		F8EF815D2E33854A003F33F1 /* Debug */ = {
			isa = XCBuildConfiguration;
			buildSettings = {
				ASSETCATALOG_COMPILER_APPICON_NAME = AppIcon;
				ASSETCATALOG_COMPILER_GLOBAL_ACCENT_COLOR_NAME = AccentColor;
				CODE_SIGN_ENTITLEMENTS = ImageSipper/ImageSipper.entitlements;
				CODE_SIGN_STYLE = Automatic;
				COMBINE_HIDPI_IMAGES = YES;
				CURRENT_PROJECT_VERSION = 1;
				DEVELOPMENT_TEAM = KWU77R3TC2;
				ENABLE_HARDENED_RUNTIME = NO;
				ENABLE_PREVIEWS = YES;
				GENERATE_INFOPLIST_FILE = YES;
				INFOPLIST_KEY_NSHumanReadableCopyright = "";
				LD_RUNPATH_SEARCH_PATHS = (
					"$(inherited)",
					"@executable_path/../Frameworks",
				);
				MARKETING_VERSION = 1.0;
				PRODUCT_BUNDLE_IDENTIFIER = com.renjun.ImageSipper;
				PRODUCT_NAME = "$(TARGET_NAME)";
				REGISTER_APP_GROUPS = YES;
				SWIFT_EMIT_LOC_STRINGS = YES;
				SWIFT_VERSION = 5.0;
			};
			name = Debug;
		};
		F8EF815E2E33854A003F33F1 /* Release */ = {
			isa = XCBuildConfiguration;
			buildSettings = {
				ASSETCATALOG_COMPILER_APPICON_NAME = AppIcon;
				ASSETCATALOG_COMPILER_GLOBAL_ACCENT_COLOR_NAME = AccentColor;
				CODE_SIGN_ENTITLEMENTS = ImageSipper/ImageSipper.entitlements;
				CODE_SIGN_STYLE = Automatic;
				COMBINE_HIDPI_IMAGES = YES;
				CURRENT_PROJECT_VERSION = 1;
				DEVELOPMENT_TEAM = KWU77R3TC2;
				ENABLE_HARDENED_RUNTIME = NO;
				ENABLE_PREVIEWS = YES;
				GENERATE_INFOPLIST_FILE = YES;
				INFOPLIST_KEY_NSHumanReadableCopyright = "";
				LD_RUNPATH_SEARCH_PATHS = (
					"$(inherited)",
					"@executable_path/../Frameworks",
				);
				MARKETING_VERSION = 1.0;
				PRODUCT_BUNDLE_IDENTIFIER = com.renjun.ImageSipper;
				PRODUCT_NAME = "$(TARGET_NAME)";
				REGISTER_APP_GROUPS = YES;
				SWIFT_EMIT_LOC_STRINGS = YES;
				SWIFT_VERSION = 5.0;
			};
			name = Release;
		};
		F8EF81602E33854A003F33F1 /* Debug */ = {
			isa = XCBuildConfiguration;
			buildSettings = {
				BUNDLE_LOADER = "$(TEST_HOST)";
				CODE_SIGN_STYLE = Automatic;
				CURRENT_PROJECT_VERSION = 1;
				DEVELOPMENT_TEAM = KWU77R3TC2;
				GENERATE_INFOPLIST_FILE = YES;
				MACOSX_DEPLOYMENT_TARGET = 15.5;
				MARKETING_VERSION = 1.0;
				PRODUCT_BUNDLE_IDENTIFIER = com.renjun.ImageSipperTests;
				PRODUCT_NAME = "$(TARGET_NAME)";
				SWIFT_EMIT_LOC_STRINGS = NO;
				SWIFT_VERSION = 5.0;
				TEST_HOST = "$(BUILT_PRODUCTS_DIR)/ImageSipper.app/$(BUNDLE_EXECUTABLE_FOLDER_PATH)/ImageSipper";
			};
			name = Debug;
		};
		F8EF81612E33854A003F33F1 /* Release */ = {
			isa = XCBuildConfiguration;
			buildSettings = {
				BUNDLE_LOADER = "$(TEST_HOST)";
				CODE_SIGN_STYLE = Automatic;
				CURRENT_PROJECT_VERSION = 1;
				DEVELOPMENT_TEAM = KWU77R3TC2;
				GENERATE_INFOPLIST_FILE = YES;
				MACOSX_DEPLOYMENT_TARGET = 15.5;
				MARKETING_VERSION = 1.0;
				PRODUCT_BUNDLE_IDENTIFIER = com.renjun.ImageSipperTests;
				PRODUCT_NAME = "$(TARGET_NAME)";
				SWIFT_EMIT_LOC_STRINGS = NO;
				SWIFT_VERSION = 5.0;
				TEST_HOST = "$(BUILT_PRODUCTS_DIR)/ImageSipper.app/$(BUNDLE_EXECUTABLE_FOLDER_PATH)/ImageSipper";
			};
			name = Release;
		};
		F8EF81632E33854A003F33F1 /* Debug */ = {
			isa = XCBuildConfiguration;
			buildSettings = {
				CODE_SIGN_STYLE = Automatic;
				CURRENT_PROJECT_VERSION = 1;
				DEVELOPMENT_TEAM = KWU77R3TC2;
				GENERATE_INFOPLIST_FILE = YES;
				MARKETING_VERSION = 1.0;
				PRODUCT_BUNDLE_IDENTIFIER = com.renjun.ImageSipperUITests;
				PRODUCT_NAME = "$(TARGET_NAME)";
				SWIFT_EMIT_LOC_STRINGS = NO;
				SWIFT_VERSION = 5.0;
				TEST_TARGET_NAME = ImageSipper;
			};
			name = Debug;
		};
		F8EF81642E33854A003F33F1 /* Release */ = {
			isa = XCBuildConfiguration;
			buildSettings = {
				CODE_SIGN_STYLE = Automatic;
				CURRENT_PROJECT_VERSION = 1;
				DEVELOPMENT_TEAM = KWU77R3TC2;
				GENERATE_INFOPLIST_FILE = YES;
				MARKETING_VERSION = 1.0;
				PRODUCT_BUNDLE_IDENTIFIER = com.renjun.ImageSipperUITests;
				PRODUCT_NAME = "$(TARGET_NAME)";
				SWIFT_EMIT_LOC_STRINGS = NO;
				SWIFT_VERSION = 5.0;
				TEST_TARGET_NAME = ImageSipper;
			};
			name = Release;
		};
/* End XCBuildConfiguration section */

/* Begin XCConfigurationList section */
		F8EF81352E338548003F33F1 /* Build configuration list for PBXProject "ImageSipper" */ = {
			isa = XCConfigurationList;
			buildConfigurations = (
				F8EF815A2E33854A003F33F1 /* Debug */,
				F8EF815B2E33854A003F33F1 /* Release */,
			);
			defaultConfigurationIsVisible = 0;
			defaultConfigurationName = Release;
		};
		F8EF815C2E33854A003F33F1 /* Build configuration list for PBXNativeTarget "ImageSipper" */ = {
			isa = XCConfigurationList;
			buildConfigurations = (
				F8EF815D2E33854A003F33F1 /* Debug */,
				F8EF815E2E33854A003F33F1 /* Release */,
			);
			defaultConfigurationIsVisible = 0;
			defaultConfigurationName = Release;
		};
		F8EF815F2E33854A003F33F1 /* Build configuration list for PBXNativeTarget "ImageSipperTests" */ = {
			isa = XCConfigurationList;
			buildConfigurations = (
				F8EF81602E33854A003F33F1 /* Debug */,
				F8EF81612E33854A003F33F1 /* Release */,
			);
			defaultConfigurationIsVisible = 0;
			defaultConfigurationName = Release;
		};
		F8EF81622E33854A003F33F1 /* Build configuration list for PBXNativeTarget "ImageSipperUITests" */ = {
			isa = XCConfigurationList;
			buildConfigurations = (
				F8EF81632E33854A003F33F1 /* Debug */,
				F8EF81642E33854A003F33F1 /* Release */,
			);
			defaultConfigurationIsVisible = 0;
			defaultConfigurationName = Release;
		};
/* End XCConfigurationList section */
	};
	rootObject = F8EF81322E338548003F33F1 /* Project object */;
}
